
Microsoft Visual Studio Solution File, Format Version 9.00
# Visual Basic Express 2005
Project("{F184B08F-C81C-45F6-A57F-5ABD9991F28F}") = "INTEGSAL", "INTEGSAL.vbproj", "{38823F61-0458-4238-B39E-6D38E3F021CF}"
EndProject
Global
	GlobalSection(SolutionConfigurationPlatforms) = preSolution
		Debug|Any CPU = Debug|Any CPU
		Release|Any CPU = Release|Any CPU
	EndGlobalSection
	GlobalSection(ProjectConfigurationPlatforms) = postSolution
		{38823F61-0458-4238-B39E-6D38E3F021CF}.Debug|Any CPU.ActiveCfg = Debug|Any CPU
		{38823F61-0458-4238-B39E-6D38E3F021CF}.Debug|Any CPU.Build.0 = Debug|Any CPU
		{38823F61-0458-4238-B39E-6D38E3F021CF}.Release|Any CPU.ActiveCfg = Release|Any CPU
		{38823F61-0458-4238-B39E-6D38E3F021CF}.Release|Any CPU.Build.0 = Release|Any CPU
	EndGlobalSection
	GlobalSection(SolutionProperties) = preSolution
		HideSolutionNode = FALSE
	EndGlobalSection
EndGlobal
